
Microsoft Visual Studio Solution File, Format Version 12.00
# Visual Studio Version 17
VisualStudioVersion = 17.5.33414.496
MinimumVisualStudioVersion = 10.0.40219.1
Project("{FAE04EC0-301F-11D3-BF4B-00C04F79EFBC}") = "Backup Management Service", "Backup Management Service\Backup Management Service.csproj", "{F9C3D3B7-7CC9-4060-8883-5C7580CF97BA}"
EndProject
Global
	GlobalSection(SolutionConfigurationPlatforms) = preSolution
		Debug|Any CPU = Debug|Any CPU
		Release|Any CPU = Release|Any CPU
	EndGlobalSection
	GlobalSection(ProjectConfigurationPlatforms) = postSolution
		{F9C3D3B7-7CC9-4060-8883-5C7580CF97BA}.Debug|Any CPU.ActiveCfg = Debug|Any CPU
		{F9C3D3B7-7CC9-4060-8883-5C7580CF97BA}.Debug|Any CPU.Build.0 = Debug|Any CPU
		{F9C3D3B7-7CC9-4060-8883-5C7580CF97BA}.Release|Any CPU.ActiveCfg = Release|Any CPU
		{F9C3D3B7-7CC9-4060-8883-5C7580CF97BA}.Release|Any CPU.Build.0 = Release|Any CPU
	EndGlobalSection
	GlobalSection(SolutionProperties) = preSolution
		HideSolutionNode = FALSE
	EndGlobalSection
	GlobalSection(ExtensibilityGlobals) = postSolution
		SolutionGuid = {4116344C-8EC9-4C13-BE58-DEDDB1E3651C}
	EndGlobalSection
EndGlobal
